
Microsoft Visual Studio Solution File, Format Version 12.00
# Visual Studio Version 17
VisualStudioVersion = 17.4.33110.190
MinimumVisualStudioVersion = 10.0.40219.1
Project("{FAE04EC0-301F-11D3-BF4B-00C04F79EFBC}") = "RestaurantManagementSystem.WebAPI", "RestaurantManagementSystem\RestaurantManagementSystem.WebAPI.csproj", "{8CC9F850-ECA1-407C-B644-4E9C30BFAD04}"
EndProject
Project("{FAE04EC0-301F-11D3-BF4B-00C04F79EFBC}") = "RestaurantManagementSystem.Application", "RestaurantManagementSystem.Application\RestaurantManagementSystem.Application.csproj", "{4CF25383-E56C-4DB2-A260-44988195A840}"
EndProject
Project("{FAE04EC0-301F-11D3-BF4B-00C04F79EFBC}") = "RestaurantManagementSystem.Domain", "RestaurantManagementSystem.Domain\RestaurantManagementSystem.Domain.csproj", "{CE11AC13-75CC-4FFE-A9E1-D9F66B986B82}"
EndProject
Project("{FAE04EC0-301F-11D3-BF4B-00C04F79EFBC}") = "RestaurantManagementSystem.Infrastructure", "RestaurantManagementSystem.Infrastructure\RestaurantManagementSystem.Infrastructure.csproj", "{493F221F-9A38-4DE0-8E09-AD490570C2F1}"
EndProject
Global
	GlobalSection(SolutionConfigurationPlatforms) = preSolution
		Debug|Any CPU = Debug|Any CPU
		Release|Any CPU = Release|Any CPU
	EndGlobalSection
	GlobalSection(ProjectConfigurationPlatforms) = postSolution
		{8CC9F850-ECA1-407C-B644-4E9C30BFAD04}.Debug|Any CPU.ActiveCfg = Debug|Any CPU
		{8CC9F850-ECA1-407C-B644-4E9C30BFAD04}.Debug|Any CPU.Build.0 = Debug|Any CPU
		{8CC9F850-ECA1-407C-B644-4E9C30BFAD04}.Release|Any CPU.ActiveCfg = Release|Any CPU
		{8CC9F850-ECA1-407C-B644-4E9C30BFAD04}.Release|Any CPU.Build.0 = Release|Any CPU
		{4CF25383-E56C-4DB2-A260-44988195A840}.Debug|Any CPU.ActiveCfg = Debug|Any CPU
		{4CF25383-E56C-4DB2-A260-44988195A840}.Debug|Any CPU.Build.0 = Debug|Any CPU
		{4CF25383-E56C-4DB2-A260-44988195A840}.Release|Any CPU.ActiveCfg = Release|Any CPU
		{4CF25383-E56C-4DB2-A260-44988195A840}.Release|Any CPU.Build.0 = Release|Any CPU
		{CE11AC13-75CC-4FFE-A9E1-D9F66B986B82}.Debug|Any CPU.ActiveCfg = Debug|Any CPU
		{CE11AC13-75CC-4FFE-A9E1-D9F66B986B82}.Debug|Any CPU.Build.0 = Debug|Any CPU
		{CE11AC13-75CC-4FFE-A9E1-D9F66B986B82}.Release|Any CPU.ActiveCfg = Release|Any CPU
		{CE11AC13-75CC-4FFE-A9E1-D9F66B986B82}.Release|Any CPU.Build.0 = Release|Any CPU
		{493F221F-9A38-4DE0-8E09-AD490570C2F1}.Debug|Any CPU.ActiveCfg = Debug|Any CPU
		{493F221F-9A38-4DE0-8E09-AD490570C2F1}.Debug|Any CPU.Build.0 = Debug|Any CPU
		{493F221F-9A38-4DE0-8E09-AD490570C2F1}.Release|Any CPU.ActiveCfg = Release|Any CPU
		{493F221F-9A38-4DE0-8E09-AD490570C2F1}.Release|Any CPU.Build.0 = Release|Any CPU
	EndGlobalSection
	GlobalSection(SolutionProperties) = preSolution
		HideSolutionNode = FALSE
	EndGlobalSection
	GlobalSection(ExtensibilityGlobals) = postSolution
		SolutionGuid = {56ABB341-A15F-4F9F-AAFF-49EDDBB9E963}
	EndGlobalSection
EndGlobal
